
Microsoft Visual Studio Solution File, Format Version 12.00
# Visual Studio Version 17
VisualStudioVersion = 17.5.33516.290
MinimumVisualStudioVersion = 10.0.40219.1
Project("{FAE04EC0-301F-11D3-BF4B-00C04F79EFBC}") = "MasterERP.Data.Tests", "MasterERP.Data.Tests\MasterERP.Data.Tests.csproj", "{14484F3F-8D88-422B-A6C5-D4FD5FD1782C}"
EndProject
Global
	GlobalSection(SolutionConfigurationPlatforms) = preSolution
		Debug|Any CPU = Debug|Any CPU
		Release|Any CPU = Release|Any CPU
	EndGlobalSection
	GlobalSection(ProjectConfigurationPlatforms) = postSolution
		{14484F3F-8D88-422B-A6C5-D4FD5FD1782C}.Debug|Any CPU.ActiveCfg = Debug|Any CPU
		{14484F3F-8D88-422B-A6C5-D4FD5FD1782C}.Debug|Any CPU.Build.0 = Debug|Any CPU
		{14484F3F-8D88-422B-A6C5-D4FD5FD1782C}.Release|Any CPU.ActiveCfg = Release|Any CPU
		{14484F3F-8D88-422B-A6C5-D4FD5FD1782C}.Release|Any CPU.Build.0 = Release|Any CPU
	EndGlobalSection
	GlobalSection(SolutionProperties) = preSolution
		HideSolutionNode = FALSE
	EndGlobalSection
	GlobalSection(ExtensibilityGlobals) = postSolution
		SolutionGuid = {A039191F-FD73-4FCC-B0C2-44ED06E3E3ED}
	EndGlobalSection
EndGlobal
